
Microsoft Visual Studio Solution File, Format Version 12.00
# Visual Studio Version 17
VisualStudioVersion = 17.5.33627.172
MinimumVisualStudioVersion = 10.0.40219.1
Project("{FAE04EC0-301F-11D3-BF4B-00C04F79EFBC}") = "efexamples.console", "efexamples.console\efexamples.console.csproj", "{F1DF0CB2-5F96-41CE-8F5A-8605273E90A8}"
EndProject
Global
	GlobalSection(SolutionConfigurationPlatforms) = preSolution
		Debug|Any CPU = Debug|Any CPU
		Release|Any CPU = Release|Any CPU
	EndGlobalSection
	GlobalSection(ProjectConfigurationPlatforms) = postSolution
		{F1DF0CB2-5F96-41CE-8F5A-8605273E90A8}.Debug|Any CPU.ActiveCfg = Debug|Any CPU
		{F1DF0CB2-5F96-41CE-8F5A-8605273E90A8}.Debug|Any CPU.Build.0 = Debug|Any CPU
		{F1DF0CB2-5F96-41CE-8F5A-8605273E90A8}.Release|Any CPU.ActiveCfg = Release|Any CPU
		{F1DF0CB2-5F96-41CE-8F5A-8605273E90A8}.Release|Any CPU.Build.0 = Release|Any CPU
	EndGlobalSection
	GlobalSection(SolutionProperties) = preSolution
		HideSolutionNode = FALSE
	EndGlobalSection
	GlobalSection(ExtensibilityGlobals) = postSolution
		SolutionGuid = {04444C2C-B902-4FAC-8BA7-C8CB67A87CAB}
	EndGlobalSection
EndGlobal
